
Microsoft Visual Studio Solution File, Format Version 12.00
# Visual Studio 15
VisualStudioVersion = 15.0.27703.2035
MinimumVisualStudioVersion = 10.0.40219.1
Project("{8BC9CEB8-8B4A-11D0-8D11-00A0C91BC942}") = "ClassString", "ClassString\ClassString.vcxproj", "{CF133C05-A62F-44C7-B676-0C3DEAC73E90}"
EndProject
Global
	GlobalSection(SolutionConfigurationPlatforms) = preSolution
		Debug|x64 = Debug|x64
		Debug|x86 = Debug|x86
		Release|x64 = Release|x64
		Release|x86 = Release|x86
	EndGlobalSection
	GlobalSection(ProjectConfigurationPlatforms) = postSolution
		{CF133C05-A62F-44C7-B676-0C3DEAC73E90}.Debug|x64.ActiveCfg = Debug|x64
		{CF133C05-A62F-44C7-B676-0C3DEAC73E90}.Debug|x64.Build.0 = Debug|x64
		{CF133C05-A62F-44C7-B676-0C3DEAC73E90}.Debug|x86.ActiveCfg = Debug|Win32
		{CF133C05-A62F-44C7-B676-0C3DEAC73E90}.Debug|x86.Build.0 = Debug|Win32
		{CF133C05-A62F-44C7-B676-0C3DEAC73E90}.Release|x64.ActiveCfg = Release|x64
		{CF133C05-A62F-44C7-B676-0C3DEAC73E90}.Release|x64.Build.0 = Release|x64
		{CF133C05-A62F-44C7-B676-0C3DEAC73E90}.Release|x86.ActiveCfg = Release|Win32
		{CF133C05-A62F-44C7-B676-0C3DEAC73E90}.Release|x86.Build.0 = Release|Win32
	EndGlobalSection
	GlobalSection(SolutionProperties) = preSolution
		HideSolutionNode = FALSE
	EndGlobalSection
	GlobalSection(ExtensibilityGlobals) = postSolution
		SolutionGuid = {1CC05DC2-3018-43C2-9AC3-597FDE1C1B98}
	EndGlobalSection
EndGlobal
